// !$*UTF8*$!
{
	archiveVersion = 1;
	classes = {
	};
	objectVersion = 46;
	objects = {

/* Begin PBXBuildFile section */
		1E9AF213FBCCCFBF9F80B98D /* Pods_Example.framework in Frameworks */ = {isa = PBXBuildFile; fileRef = 0E31101EBE3D64EB14575D41 /* Pods_Example.framework */; };
		5C6AB0FF1EC3F5BD00C1D10B /* AppDelegate.swift in Sources */ = {isa = PBXBuildFile; fileRef = 5C6AB0FE1EC3F5BD00C1D10B /* AppDelegate.swift */; };
		5C6AB1011EC3F5BD00C1D10B /* ViewController.swift in Sources */ = {isa = PBXBuildFile; fileRef = 5C6AB1001EC3F5BD00C1D10B /* ViewController.swift */; };
		5C6AB1041EC3F5BD00C1D10B /* Main.storyboard in Resources */ = {isa = PBXBuildFile; fileRef = 5C6AB1021EC3F5BD00C1D10B /* Main.storyboard */; };
		5C6AB1061EC3F5BD00C1D10B /* Assets.xcassets in Resources */ = {isa = PBXBuildFile; fileRef = 5C6AB1051EC3F5BD00C1D10B /* Assets.xcassets */; };
		5C6AB1091EC3F5BD00C1D10B /* LaunchScreen.storyboard in Resources */ = {isa = PBXBuildFile; fileRef = 5C6AB1071EC3F5BD00C1D10B /* LaunchScreen.storyboard */; };
/* End PBXBuildFile section */

/* Begin PBXFileReference section */
		0E31101EBE3D64EB14575D41 /* Pods_Example.framework */ = {isa = PBXFileReference; explicitFileType = wrapper.framework; includeInIndex = 0; path = Pods_Example.framework; sourceTree = BUILT_PRODUCTS_DIR; };
		4F098D33C1477AD63E6BFB25 /* Pods-Example.release.xcconfig */ = {isa = PBXFileReference; includeInIndex = 1; lastKnownFileType = text.xcconfig; name = "Pods-Example.release.xcconfig"; path = "Pods/Target Support Files/Pods-Example/Pods-Example.release.xcconfig"; sourceTree = "<group>"; };
		5C6AB0FB1EC3F5BD00C1D10B /* Example.app */ = {isa = PBXFileReference; explicitFileType = wrapper.application; includeInIndex = 0; path = Example.app; sourceTree = BUILT_PRODUCTS_DIR; };
		5C6AB0FE1EC3F5BD00C1D10B /* AppDelegate.swift */ = {isa = PBXFileReference; lastKnownFileType = sourcecode.swift; path = AppDelegate.swift; sourceTree = "<group>"; };
		5C6AB1001EC3F5BD00C1D10B /* ViewController.swift */ = {isa = PBXFileReference; lastKnownFileType = sourcecode.swift; path = ViewController.swift; sourceTree = "<group>"; };
		5C6AB1031EC3F5BD00C1D10B /* Base */ = {isa = PBXFileReference; lastKnownFileType = file.storyboard; name = Base; path = Base.lproj/Main.storyboard; sourceTree = "<group>"; };
		5C6AB1051EC3F5BD00C1D10B /* Assets.xcassets */ = {isa = PBXFileReference; lastKnownFileType = folder.assetcatalog; path = Assets.xcassets; sourceTree = "<group>"; };
		5C6AB1081EC3F5BD00C1D10B /* Base */ = {isa = PBXFileReference; lastKnownFileType = file.storyboard; name = Base; path = Base.lproj/LaunchScreen.storyboard; sourceTree = "<group>"; };
		5C6AB10A1EC3F5BD00C1D10B /* Info.plist */ = {isa = PBXFileReference; lastKnownFileType = text.plist.xml; path = Info.plist; sourceTree = "<group>"; };
		B0420D8495E814B0F2610B59 /* Pods-Example.debug.xcconfig */ = {isa = PBXFileReference; includeInIndex = 1; lastKnownFileType = text.xcconfig; name = "Pods-Example.debug.xcconfig"; path = "Pods/Target Support Files/Pods-Example/Pods-Example.debug.xcconfig"; sourceTree = "<group>"; };
/* End PBXFileReference section */

/* Begin PBXFrameworksBuildPhase section */
		5C6AB0F81EC3F5BD00C1D10B /* Frameworks */ = {
			isa = PBXFrameworksBuildPhase;
			buildActionMask = 2147483647;
			files = (
				1E9AF213FBCCCFBF9F80B98D /* Pods_Example.framework in Frameworks */,
			);
			runOnlyForDeploymentPostprocessing = 0;
		};
/* End PBXFrameworksBuildPhase section */

/* Begin PBXGroup section */
		4A86D7584EFF48F6CC890198 /* Pods */ = {
			isa = PBXGroup;
			children = (
				B0420D8495E814B0F2610B59 /* Pods-Example.debug.xcconfig */,
				4F098D33C1477AD63E6BFB25 /* Pods-Example.release.xcconfig */,
			);
			name = Pods;
			sourceTree = "<group>";
		};
		5C6AB0F21EC3F5BD00C1D10B = {
			isa = PBXGroup;
			children = (
				5C6AB0FD1EC3F5BD00C1D10B /* Example */,
				5C6AB0FC1EC3F5BD00C1D10B /* Products */,
				4A86D7584EFF48F6CC890198 /* Pods */,
				8A67EDBB8D95FE875B075285 /* Frameworks */,
			);
			sourceTree = "<group>";
		};
		5C6AB0FC1EC3F5BD00C1D10B /* Products */ = {
			isa = PBXGroup;
			children = (
				5C6AB0FB1EC3F5BD00C1D10B /* Example.app */,
			);
			name = Products;
			sourceTree = "<group>";
		};
		5C6AB0FD1EC3F5BD00C1D10B /* Example */ = {
			isa = PBXGroup;
			children = (
				5C6AB0FE1EC3F5BD00C1D10B /* AppDelegate.swift */,
				5C6AB1001EC3F5BD00C1D10B /* ViewController.swift */,
				5C6AB1021EC3F5BD00C1D10B /* Main.storyboard */,
				5C6AB1051EC3F5BD00C1D10B /* Assets.xcassets */,
				5C6AB1071EC3F5BD00C1D10B /* LaunchScreen.storyboard */,
				5C6AB10A1EC3F5BD00C1D10B /* Info.plist */,
			);
			path = Example;
			sourceTree = "<group>";
		};
		8A67EDBB8D95FE875B075285 /* Frameworks */ = {
			isa = PBXGroup;
			children = (
				0E31101EBE3D64EB14575D41 /* Pods_Example.framework */,
			);
			name = Frameworks;
			sourceTree = "<group>";
		};
/* End PBXGroup section */

/* Begin PBXNativeTarget section */
		5C6AB0FA1EC3F5BD00C1D10B /* Example */ = {
			isa = PBXNativeTarget;
			buildConfigurationList = 5C6AB10D1EC3F5BD00C1D10B /* Build configuration list for PBXNativeTarget "Example" */;
			buildPhases = (
				280AC9A503EC779E8A88D185 /* [CP] Check Pods Manifest.lock */,
				5C6AB0F71EC3F5BD00C1D10B /* Sources */,
				5C6AB0F81EC3F5BD00C1D10B /* Frameworks */,
				5C6AB0F91EC3F5BD00C1D10B /* Resources */,
				85DAB5E5A2097919A8804F98 /* [CP] Embed Pods Frameworks */,
				4DA2C7C1DDA2B7904EBB0FB8 /* [CP] Copy Pods Resources */,
			);
			buildRules = (
			);
			dependencies = (
			);
			name = Example;
			productName = Example;
			productReference = 5C6AB0FB1EC3F5BD00C1D10B /* Example.app */;
			productType = "com.apple.product-type.application";
		};
/* End PBXNativeTarget section */

/* Begin PBXProject section */
		5C6AB0F31EC3F5BD00C1D10B /* Project object */ = {
			isa = PBXProject;
			attributes = {
				LastSwiftUpdateCheck = 0830;
				LastUpgradeCheck = 0830;
				ORGANIZATIONNAME = Meniny;
				TargetAttributes = {
					5C6AB0FA1EC3F5BD00C1D10B = {
						CreatedOnToolsVersion = 8.3.2;
						DevelopmentTeam = 63YL5QDMNS;
						ProvisioningStyle = Automatic;
					};
				};
			};
			buildConfigurationList = 5C6AB0F61EC3F5BD00C1D10B /* Build configuration list for PBXProject "Example" */;
			compatibilityVersion = "Xcode 3.2";
			developmentRegion = English;
			hasScannedForEncodings = 0;
			knownRegions = (
				en,
				Base,
			);
			mainGroup = 5C6AB0F21EC3F5BD00C1D10B;
			productRefGroup = 5C6AB0FC1EC3F5BD00C1D10B /* Products */;
			projectDirPath = "";
			projectRoot = "";
			targets = (
				5C6AB0FA1EC3F5BD00C1D10B /* Example */,
			);
		};
/* End PBXProject section */

/* Begin PBXResourcesBuildPhase section */
		5C6AB0F91EC3F5BD00C1D10B /* Resources */ = {
			isa = PBXResourcesBuildPhase;
			buildActionMask = 2147483647;
			files = (
				5C6AB1091EC3F5BD00C1D10B /* LaunchScreen.storyboard in Resources */,
				5C6AB1061EC3F5BD00C1D10B /* Assets.xcassets in Resources */,
				5C6AB1041EC3F5BD00C1D10B /* Main.storyboard in Resources */,
			);
			runOnlyForDeploymentPostprocessing = 0;
		};
/* End PBXResourcesBuildPhase section */

/* Begin PBXShellScriptBuildPhase section */
		280AC9A503EC779E8A88D185 /* [CP] Check Pods Manifest.lock */ = {
			isa = PBXShellScriptBuildPhase;
			buildActionMask = 2147483647;
			files = (
			);
			inputPaths = (
			);
			name = "[CP] Check Pods Manifest.lock";
			outputPaths = (
			);
			runOnlyForDeploymentPostprocessing = 0;
			shellPath = /bin/sh;
			shellScript = "diff \"${PODS_PODFILE_DIR_PATH}/Podfile.lock\" \"${PODS_ROOT}/Manifest.lock\" > /dev/null\nif [ $? != 0 ] ; then\n    # print error to STDERR\n    echo \"error: The sandbox is not in sync with the Podfile.lock. Run 'pod install' or update your CocoaPods installation.\" >&2\n    exit 1\nfi\n";
			showEnvVarsInLog = 0;
		};
		4DA2C7C1DDA2B7904EBB0FB8 /* [CP] Copy Pods Resources */ = {
			isa = PBXShellScriptBuildPhase;
			buildActionMask = 2147483647;
			files = (
			);
			inputPaths = (
			);
			name = "[CP] Copy Pods Resources";
			outputPaths = (
			);
			runOnlyForDeploymentPostprocessing = 0;
			shellPath = /bin/sh;
			shellScript = "\"${SRCROOT}/Pods/Target Support Files/Pods-Example/Pods-Example-resources.sh\"\n";
			showEnvVarsInLog = 0;
		};
		85DAB5E5A2097919A8804F98 /* [CP] Embed Pods Frameworks */ = {
			isa = PBXShellScriptBuildPhase;
			buildActionMask = 2147483647;
			files = (
			);
			inputPaths = (
			);
			name = "[CP] Embed Pods Frameworks";
			outputPaths = (
			);
			runOnlyForDeploymentPostprocessing = 0;
			shellPath = /bin/sh;
			shellScript = "\"${SRCROOT}/Pods/Target Support Files/Pods-Example/Pods-Example-frameworks.sh\"\n";
			showEnvVarsInLog = 0;
		};
/* End PBXShellScriptBuildPhase section */

/* Begin PBXSourcesBuildPhase section */
		5C6AB0F71EC3F5BD00C1D10B /* Sources */ = {
			isa = PBXSourcesBuildPhase;
			buildActionMask = 2147483647;
			files = (
				5C6AB1011EC3F5BD00C1D10B /* ViewController.swift in Sources */,
				5C6AB0FF1EC3F5BD00C1D10B /* AppDelegate.swift in Sources */,
			);
			runOnlyForDeploymentPostprocessing = 0;
		};
/* End PBXSourcesBuildPhase section */

/* Begin PBXVariantGroup section */
		5C6AB1021EC3F5BD00C1D10B /* Main.storyboard */ = {
			isa = PBXVariantGroup;
			children = (
				5C6AB1031EC3F5BD00C1D10B /* Base */,
			);
			name = Main.storyboard;
			sourceTree = "<group>";
		};
		5C6AB1071EC3F5BD00C1D10B /* LaunchScreen.storyboard */ = {
			isa = PBXVariantGroup;
			children = (
				5C6AB1081EC3F5BD00C1D10B /* Base */,
			);
			name = LaunchScreen.storyboard;
			sourceTree = "<group>";
		};
/* End PBXVariantGroup section */

/* Begin XCBuildConfiguration section */
		5C6AB10B1EC3F5BD00C1D10B /* Debug */ = {
			isa = XCBuildConfiguration;
			buildSettings = {
				ALWAYS_SEARCH_USER_PATHS = NO;
				CLANG_ANALYZER_NONNULL = YES;
				CLANG_ANALYZER_NUMBER_OBJECT_CONVERSION = YES_AGGRESSIVE;
				CLANG_CXX_LANGUAGE_STANDARD = "gnu++0x";
				CLANG_CXX_LIBRARY = "libc++";
				CLANG_ENABLE_MODULES = YES;
				CLANG_ENABLE_OBJC_ARC = YES;
				CLANG_WARN_BOOL_CONVERSION = YES;
				CLANG_WARN_CONSTANT_CONVERSION = YES;
				CLANG_WARN_DIRECT_OBJC_ISA_USAGE = YES_ERROR;
				CLANG_WARN_DOCUMENTATION_COMMENTS = YES;
				CLANG_WARN_EMPTY_BODY = YES;
				CLANG_WARN_ENUM_CONVERSION = YES;
				CLANG_WARN_INFINITE_RECURSION = YES;
				CLANG_WARN_INT_CONVERSION = YES;
				CLANG_WARN_OBJC_ROOT_CLASS = YES_ERROR;
				CLANG_WARN_SUSPICIOUS_MOVE = YES;
				CLANG_WARN_UNREACHABLE_CODE = YES;
				CLANG_WARN__DUPLICATE_METHOD_MATCH = YES;
				"CODE_SIGN_IDENTITY[sdk=iphoneos*]" = "iPhone Developer";
				COPY_PHASE_STRIP = NO;
				DEBUG_INFORMATION_FORMAT = dwarf;
				ENABLE_STRICT_OBJC_MSGSEND = YES;
				ENABLE_TESTABILITY = YES;
				GCC_C_LANGUAGE_STANDARD = gnu99;
				GCC_DYNAMIC_NO_PIC = NO;
				GCC_NO_COMMON_BLOCKS = YES;
				GCC_OPTIMIZATION_LEVEL = 0;
				GCC_PREPROCESSOR_DEFINITIONS = (
					"DEBUG=1",
					"$(inherited)",
				);
				GCC_WARN_64_TO_32_BIT_CONVERSION = YES;
				GCC_WARN_ABOUT_RETURN_TYPE = YES_ERROR;
				GCC_WARN_UNDECLARED_SELECTOR = YES;
				GCC_WARN_UNINITIALIZED_AUTOS = YES_AGGRESSIVE;
				GCC_WARN_UNUSED_FUNCTION = YES;
				GCC_WARN_UNUSED_VARIABLE = YES;
				IPHONEOS_DEPLOYMENT_TARGET = 10.3;
				MTL_ENABLE_DEBUG_INFO = YES;
				ONLY_ACTIVE_ARCH = YES;
				SDKROOT = iphoneos;
				SWIFT_ACTIVE_COMPILATION_CONDITIONS = DEBUG;
				SWIFT_OPTIMIZATION_LEVEL = "-Onone";
				TARGETED_DEVICE_FAMILY = "1,2";
			};
			name = Debug;
		};
		5C6AB10C1EC3F5BD00C1D10B /* Release */ = {
			isa = XCBuildConfiguration;
			buildSettings = {
				ALWAYS_SEARCH_USER_PATHS = NO;
				CLANG_ANALYZER_NONNULL = YES;
				CLANG_ANALYZER_NUMBER_OBJECT_CONVERSION = YES_AGGRESSIVE;
				CLANG_CXX_LANGUAGE_STANDARD = "gnu++0x";
				CLANG_CXX_LIBRARY = "libc++";
				CLANG_ENABLE_MODULES = YES;
				CLANG_ENABLE_OBJC_ARC = YES;
				CLANG_WARN_BOOL_CONVERSION = YES;
				CLANG_WARN_CONSTANT_CONVERSION = YES;
				CLANG_WARN_DIRECT_OBJC_ISA_USAGE = YES_ERROR;
				CLANG_WARN_DOCUMENTATION_COMMENTS = YES;
				CLANG_WARN_EMPTY_BODY = YES;
				CLANG_WARN_ENUM_CONVERSION = YES;
				CLANG_WARN_INFINITE_RECURSION = YES;
				CLANG_WARN_INT_CONVERSION = YES;
				CLANG_WARN_OBJC_ROOT_CLASS = YES_ERROR;
				CLANG_WARN_SUSPICIOUS_MOVE = YES;
				CLANG_WARN_UNREACHABLE_CODE = YES;
				CLANG_WARN__DUPLICATE_METHOD_MATCH = YES;
				"CODE_SIGN_IDENTITY[sdk=iphoneos*]" = "iPhone Developer";
				COPY_PHASE_STRIP = NO;
				DEBUG_INFORMATION_FORMAT = "dwarf-with-dsym";
				ENABLE_NS_ASSERTIONS = NO;
				ENABLE_STRICT_OBJC_MSGSEND = YES;
				GCC_C_LANGUAGE_STANDARD = gnu99;
				GCC_NO_COMMON_BLOCKS = YES;
				GCC_WARN_64_TO_32_BIT_CONVERSION = YES;
				GCC_WARN_ABOUT_RETURN_TYPE = YES_ERROR;
				GCC_WARN_UNDECLARED_SELECTOR = YES;
				GCC_WARN_UNINITIALIZED_AUTOS = YES_AGGRESSIVE;
				GCC_WARN_UNUSED_FUNCTION = YES;
				GCC_WARN_UNUSED_VARIABLE = YES;
				IPHONEOS_DEPLOYMENT_TARGET = 10.3;
				MTL_ENABLE_DEBUG_INFO = NO;
				SDKROOT = iphoneos;
				SWIFT_OPTIMIZATION_LEVEL = "-Owholemodule";
				TARGETED_DEVICE_FAMILY = "1,2";
				VALIDATE_PRODUCT = YES;
			};
			name = Release;
		};
		5C6AB10E1EC3F5BD00C1D10B /* Debug */ = {
			isa = XCBuildConfiguration;
			baseConfigurationReference = B0420D8495E814B0F2610B59 /* Pods-Example.debug.xcconfig */;
			buildSettings = {
				ASSETCATALOG_COMPILER_APPICON_NAME = AppIcon;
				DEVELOPMENT_TEAM = 63YL5QDMNS;
				INFOPLIST_FILE = Example/Info.plist;
				LD_RUNPATH_SEARCH_PATHS = "$(inherited) @executable_path/Frameworks";
				PRODUCT_BUNDLE_IDENTIFIER = cn.meniny.Example;
				PRODUCT_NAME = "$(TARGET_NAME)";
				SWIFT_VERSION = 3.0;
			};
			name = Debug;
		};
		5C6AB10F1EC3F5BD00C1D10B /* Release */ = {
			isa = XCBuildConfiguration;
			baseConfigurationReference = 4F098D33C1477AD63E6BFB25 /* Pods-Example.release.xcconfig */;
			buildSettings = {
				ASSETCATALOG_COMPILER_APPICON_NAME = AppIcon;
				DEVELOPMENT_TEAM = 63YL5QDMNS;
				INFOPLIST_FILE = Example/Info.plist;
				LD_RUNPATH_SEARCH_PATHS = "$(inherited) @executable_path/Frameworks";
				PRODUCT_BUNDLE_IDENTIFIER = cn.meniny.Example;
				PRODUCT_NAME = "$(TARGET_NAME)";
				SWIFT_VERSION = 3.0;
			};
			name = Release;
		};
/* End XCBuildConfiguration section */

/* Begin XCConfigurationList section */
		5C6AB0F61EC3F5BD00C1D10B /* Build configuration list for PBXProject "Example" */ = {
			isa = XCConfigurationList;
			buildConfigurations = (
				5C6AB10B1EC3F5BD00C1D10B /* Debug */,
				5C6AB10C1EC3F5BD00C1D10B /* Release */,
			);
			defaultConfigurationIsVisible = 0;
			defaultConfigurationName = Release;
		};
		5C6AB10D1EC3F5BD00C1D10B /* Build configuration list for PBXNativeTarget "Example" */ = {
			isa = XCConfigurationList;
			buildConfigurations = (
				5C6AB10E1EC3F5BD00C1D10B /* Debug */,
				5C6AB10F1EC3F5BD00C1D10B /* Release */,
			);
			defaultConfigurationIsVisible = 0;
			defaultConfigurationName = Release;
		};
/* End XCConfigurationList section */
	};
	rootObject = 5C6AB0F31EC3F5BD00C1D10B /* Project object */;
}
